{
    "_meta": {
        "hash": {
            "sha256": "be08bc6e6ce785a47b6ebf3bdbfec4c785e761e6fa5bf217763424cf45dc6284"
        },
        "host-environment-markers": {
            "implementation_name": "cpython",
            "implementation_version": "0",
            "os_name": "posix",
            "platform_machine": "x86_64",
            "platform_python_implementation": "CPython",
            "platform_release": "4.13.0-43-generic",
            "platform_system": "Linux",
            "platform_version": "#48~16.04.1-Ubuntu SMP Thu May 17 12:56:46 UTC 2018",
            "python_full_version": "2.7.12",
            "python_version": "2.7",
            "sys_platform": "linux2"
        },
        "pipfile-spec": 6,
        "requires": {},
        "sources": [
            {
                "name": "pypi",
                "url": "https://pypi.python.org/simple",
                "verify_ssl": true
            }
        ]
    },
    "default": {
        "apipkg": {
            "hashes": [
                "sha256:65d2aa68b28e7d31233bb2ba8eb31cda40e4671f8ac2d6b241e358c9652a74b9",
                "sha256:2e38399dbe842891fe85392601aab8f40a8f4cc5a9053c326de35a1cc0297ac6"
            ],
            "version": "==1.4"
        },
        "atomicwrites": {
            "hashes": [
                "sha256:a24da68318b08ac9c9c45029f4a10371ab5b20e4226738e150e6e7c571630ae6",
                "sha256:240831ea22da9ab882b551b31d4225591e5e447a68c5e188db5b89ca1d487585"
            ],
            "version": "==1.1.5"
        },
        "attrs": {
            "hashes": [
                "sha256:4b90b09eeeb9b88c35bc642cbac057e45a5fd85367b985bd2809c62b7b939265",
                "sha256:e0d0eb91441a3b53dab4d9b743eafc1ac44476296a2053b6ca3af0b139faf87b"
            ],
            "version": "==18.1.0"
        },
        "backports.functools-lru-cache": {
            "hashes": [
                "sha256:f0b0e4eba956de51238e17573b7087e852dfe9854afd2e9c873f73fc0ca0a6dd",
                "sha256:9d98697f088eb1b0fa451391f91afb5e3ebde16bbdb272819fd091151fda4f1a"
            ],
            "version": "==1.5"
        },
        "colorama": {
            "hashes": [
                "sha256:463f8483208e921368c9f306094eb6f725c6ca42b0f97e313cb5d5512459feda",
                "sha256:48eb22f4f8461b1df5734a074b57042430fb06e1d61bd1e11b078c0fe6d7a1f1"
            ],
            "version": "==0.3.9"
        },
        "configparser": {
            "hashes": [
                "sha256:5308b47021bc2340965c371f0f058cc6971a04502638d4244225c49d80db273a"
            ],
            "version": "==3.5.0"
        },
        "crayons": {
            "hashes": [
                "sha256:6f51241d0c4faec1c04c1c0ac6a68f1d66a4655476ce1570b3f37e5166a599cc",
                "sha256:5e17691605e564d63482067eb6327d01a584bbaf870beffd4456a3391bd8809d"
            ],
            "version": "==0.1.2"
        },
        "execnet": {
            "hashes": [
                "sha256:fc155a6b553c66c838d1a22dba1dc9f5f505c43285a878c6f74a79c024750b83",
                "sha256:a7a84d5fa07a089186a329528f127c9d73b9de57f1a1131b82bb5320ee651f6a"
            ],
            "version": "==1.5.0"
        },
        "funcsigs": {
            "hashes": [
                "sha256:330cc27ccbf7f1e992e69fef78261dc7c6569012cf397db8d3de0234e6c937ca",
                "sha256:a7bb0f2cf3a3fd1ab2732cb49eba4252c2af4240442415b4abce3b87022a8f50"
            ],
            "markers": "python_version < '3.0'",
            "version": "==1.0.2"
        },
        "future": {
            "hashes": [
                "sha256:e39ced1ab767b5936646cedba8bcce582398233d6a627067d4c6a454c90cfedb"
            ],
            "version": "==0.16.0"
        },
        "more-itertools": {
            "hashes": [
                "sha256:a18d870ef2ffca2b8463c0070ad17b5978056f403fb64e3f15fe62a52db21cc0",
                "sha256:6703844a52d3588f951883005efcf555e49566a48afd4db4e965d69b883980d3",
                "sha256:2b6b9893337bfd9166bee6a62c2b0c9fe7735dcf85948b387ec8cba30e85d8e8"
            ],
            "version": "==4.2.0"
        },
        "pluggy": {
            "hashes": [
                "sha256:d345c8fe681115900d6da8d048ba67c25df42973bda370783cd58826442dcd7c",
                "sha256:e160a7fcf25762bb60efc7e171d4497ff1d8d2d75a3d0df7a21b76821ecbf5c5",
                "sha256:7f8ae7f5bdf75671a718d2daf0a64b7885f74510bcd98b1a0bb420eb9a9d0cff"
            ],
            "version": "==0.6.0"
        },
        "py": {
            "hashes": [
                "sha256:983f77f3331356039fdd792e9220b7b8ee1aa6bd2b25f567a963ff1de5a64f6a",
                "sha256:29c9fab495d7528e80ba1e343b958684f4ace687327e6f789a94bf3d1915f881"
            ],
            "version": "==1.5.3"
        },
        "pytest": {
            "hashes": [
                "sha256:c76e93f3145a44812955e8d46cdd302d8a45fbfc7bf22be24fe231f9d8d8853a",
                "sha256:39555d023af3200d004d09e51b4dd9fdd828baa863cded3fd6ba2f29f757ae2d"
            ],
            "version": "==3.6.0"
        },
        "pytest-base-url": {
            "hashes": [
                "sha256:31e42366a5fc22f450b398837dc819bb7569f5e6bd5d74e494b2b9ec239876d1",
                "sha256:7425e8163345494ac7f544e99c6f3e5a08f4228bee5e26013b98c462a4d31f6e"
            ],
            "version": "==1.4.1"
        },
        "pytest-forked": {
            "hashes": [
                "sha256:f275cb48a73fc61a6710726348e1da6d68a978f0ec0c54ece5a5fae5977e5a08",
                "sha256:e4500cd0509ec4a26535f7d4112a8cc0f17d3a41c29ffd4eab479d2a55b30805"
            ],
            "version": "==0.2"
        },
        "pytest-html": {
            "hashes": [
                "sha256:e7ee0f7a83f6a6d2a5a356c09d64ba8acffd007b8b76c5f421f2e39e9f92b1fe",
                "sha256:74ad1ad9bf4c2c15184e4d7f31fe28fa09c19ff6a459e65c106be88f1e5349cd"
            ],
            "version": "==1.19.0"
        },
        "pytest-metadata": {
            "hashes": [
                "sha256:ec37c48f44e7973cc6d06b36a148d3a3432e5dda8b8a40239fb52099b202907f",
                "sha256:2d495b61542cb25dfc52fbf40c7a02220c7c127b7ba8974e6c72d6c9593c547a"
            ],
            "version": "==1.7.0"
        },
        "pytest-repeat": {
            "hashes": [
                "sha256:5eb775a6ffc76eab980a7f9fce433a1cc3edf091545ae558a9ab8d88a0f07d00",
                "sha256:9fc2cc37be87212c5d98e92723cf26bc72d86159bf6c1bafc176270245867c51"
            ],
            "version": "==0.4.1"
        },
        "pytest-selenium": {
            "hashes": [
                "sha256:afdaa6faf4db615af87e126d734bfa4a3c12ff6afb6f86138900603b55ff5230",
                "sha256:3b9191877ee61ff87bf705b8e2072b57be4872cfd5543a76b3a104a843b6c520"
            ],
            "version": "==1.13.0"
        },
        "pytest-variables": {
            "hashes": [
                "sha256:59c00b95779657532ac5f8209b28b5d447c8b4bc4210c1d6bdf9a42aa201f9b0",
                "sha256:7808b77b643b9f8a24f1ee1c32132648b1c62ab93956f20fe101dde66db6d09a"
            ],
            "version": "==1.7.1"
        },
        "pytest-xdist": {
            "hashes": [
                "sha256:be2662264b035920ba740ed6efb1c816a83c8a22253df7766d129f6a7bfdbd35",
                "sha256:e8f5744acc270b3e7d915bdb4d5f471670f049b6fbd163d4cbd52203b075d30f"
            ],
            "version": "==1.22.2"
        },
        "requests": {
            "hashes": [
                "sha256:545c4855cd9d7c12671444326337013766f4eea6068c3f0307fb2dc2696d580e",
                "sha256:5acf980358283faba0b897c73959cecf8b841205bb4b2ad3ef545f46eae1a133"
            ],
            "version": "==2.11.1"
        },
        "selene": {
            "editable": true,
            "git": "https://github.com/yashaka/selene.git",
            "ref": "1.0.0a13"
        },
        "selenium": {
            "hashes": [
                "sha256:2b6f018e55f50e9c67a67caec2f73f806f72c162fb38cf3ea79e0a8f6506bf56",
                "sha256:5841fb30c3965866220c34d16de8e3d091e2833fcac385160a63db0c3522a297"
            ],
            "version": "==3.11.0"
        },
        "six": {
            "hashes": [
                "sha256:832dc0e10feb1aa2c68dcc57dbb658f1c7e65b9b61af69048abc87a2db00a0eb",
                "sha256:70e8a77beed4562e7f14fe23a786b54f6296e34344c23bc42f07b15018ff98e9"
            ],
            "version": "==1.11.0"
        },
        "webdriver-manager": {
            "hashes": [
                "sha256:92f01a5b0f6b71860f5093256d5f27e10e95fcaec9fb0cd4a8d4607fa06364ac"
            ],
            "version": "==1.7"
        }
    },
    "develop": {}
}
